// !$*UTF8*$!
{
	archiveVersion = 1;
	classes = {
	};
	objectVersion = 52;
	objects = {

/* Begin PBXBuildFile section */
		4EDC301300091EBBD9295361 /* Pods_Flixter.framework in Frameworks */ = {isa = PBXBuildFile; fileRef = 630568CCA67A873D32BF12E9 /* Pods_Flixter.framework */; };
		6235649B26E813B20095E0F4 /* AppDelegate.swift in Sources */ = {isa = PBXBuildFile; fileRef = 6235649A26E813B20095E0F4 /* AppDelegate.swift */; };
		6235649D26E813B20095E0F4 /* SceneDelegate.swift in Sources */ = {isa = PBXBuildFile; fileRef = 6235649C26E813B20095E0F4 /* SceneDelegate.swift */; };
		623564A226E813B20095E0F4 /* Main.storyboard in Resources */ = {isa = PBXBuildFile; fileRef = 623564A026E813B20095E0F4 /* Main.storyboard */; };
		623564A426E813B50095E0F4 /* Assets.xcassets in Resources */ = {isa = PBXBuildFile; fileRef = 623564A326E813B50095E0F4 /* Assets.xcassets */; };
		623564A726E813B50095E0F4 /* LaunchScreen.storyboard in Resources */ = {isa = PBXBuildFile; fileRef = 623564A526E813B50095E0F4 /* LaunchScreen.storyboard */; };
		623564B226E813B50095E0F4 /* FlixterTests.swift in Sources */ = {isa = PBXBuildFile; fileRef = 623564B126E813B50095E0F4 /* FlixterTests.swift */; };
		623564BD26E813B50095E0F4 /* FlixterUITests.swift in Sources */ = {isa = PBXBuildFile; fileRef = 623564BC26E813B50095E0F4 /* FlixterUITests.swift */; };
		623564CB26E82CDE0095E0F4 /* MoviesViewController.swift in Sources */ = {isa = PBXBuildFile; fileRef = 623564CA26E82CDE0095E0F4 /* MoviesViewController.swift */; };
		623564CD26E9ADDB0095E0F4 /* MovieCell.swift in Sources */ = {isa = PBXBuildFile; fileRef = 623564CC26E9ADDB0095E0F4 /* MovieCell.swift */; };
		623564D026E9C0800095E0F4 /* AlamofireImage in Frameworks */ = {isa = PBXBuildFile; productRef = 623564CF26E9C0800095E0F4 /* AlamofireImage */; };
		6E3E9008DD5A8DD8A972E692 /* Pods_Flixter_FlixterUITests.framework in Frameworks */ = {isa = PBXBuildFile; fileRef = C66796AAE96F91CFDA1C6101 /* Pods_Flixter_FlixterUITests.framework */; };
		E452622583274D16AE435A48 /* Pods_FlixterTests.framework in Frameworks */ = {isa = PBXBuildFile; fileRef = 79B60A8001D5B09842A4EDA7 /* Pods_FlixterTests.framework */; };
/* End PBXBuildFile section */

/* Begin PBXContainerItemProxy section */
		623564AE26E813B50095E0F4 /* PBXContainerItemProxy */ = {
			isa = PBXContainerItemProxy;
			containerPortal = 6235648F26E813B20095E0F4 /* Project object */;
			proxyType = 1;
			remoteGlobalIDString = 6235649626E813B20095E0F4;
			remoteInfo = Flixter;
		};
		623564B926E813B50095E0F4 /* PBXContainerItemProxy */ = {
			isa = PBXContainerItemProxy;
			containerPortal = 6235648F26E813B20095E0F4 /* Project object */;
			proxyType = 1;
			remoteGlobalIDString = 6235649626E813B20095E0F4;
			remoteInfo = Flixter;
		};
/* End PBXContainerItemProxy section */

/* Begin PBXFileReference section */
		3BF26F2ED1A99E65387D6E50 /* Pods-Flixter-FlixterUITests.release.xcconfig */ = {isa = PBXFileReference; includeInIndex = 1; lastKnownFileType = text.xcconfig; name = "Pods-Flixter-FlixterUITests.release.xcconfig"; path = "Target Support Files/Pods-Flixter-FlixterUITests/Pods-Flixter-FlixterUITests.release.xcconfig"; sourceTree = "<group>"; };
		6235649726E813B20095E0F4 /* Flixter.app */ = {isa = PBXFileReference; explicitFileType = wrapper.application; includeInIndex = 0; path = Flixter.app; sourceTree = BUILT_PRODUCTS_DIR; };
		6235649A26E813B20095E0F4 /* AppDelegate.swift */ = {isa = PBXFileReference; lastKnownFileType = sourcecode.swift; path = AppDelegate.swift; sourceTree = "<group>"; };
		6235649C26E813B20095E0F4 /* SceneDelegate.swift */ = {isa = PBXFileReference; lastKnownFileType = sourcecode.swift; path = SceneDelegate.swift; sourceTree = "<group>"; };
		623564A126E813B20095E0F4 /* Base */ = {isa = PBXFileReference; lastKnownFileType = file.storyboard; name = Base; path = Base.lproj/Main.storyboard; sourceTree = "<group>"; };
		623564A326E813B50095E0F4 /* Assets.xcassets */ = {isa = PBXFileReference; lastKnownFileType = folder.assetcatalog; path = Assets.xcassets; sourceTree = "<group>"; };
		623564A626E813B50095E0F4 /* Base */ = {isa = PBXFileReference; lastKnownFileType = file.storyboard; name = Base; path = Base.lproj/LaunchScreen.storyboard; sourceTree = "<group>"; };
		623564A826E813B50095E0F4 /* Info.plist */ = {isa = PBXFileReference; lastKnownFileType = text.plist.xml; path = Info.plist; sourceTree = "<group>"; };
		623564AD26E813B50095E0F4 /* FlixterTests.xctest */ = {isa = PBXFileReference; explicitFileType = wrapper.cfbundle; includeInIndex = 0; path = FlixterTests.xctest; sourceTree = BUILT_PRODUCTS_DIR; };
		623564B126E813B50095E0F4 /* FlixterTests.swift */ = {isa = PBXFileReference; lastKnownFileType = sourcecode.swift; path = FlixterTests.swift; sourceTree = "<group>"; };
		623564B326E813B50095E0F4 /* Info.plist */ = {isa = PBXFileReference; lastKnownFileType = text.plist.xml; path = Info.plist; sourceTree = "<group>"; };
		623564B826E813B50095E0F4 /* FlixterUITests.xctest */ = {isa = PBXFileReference; explicitFileType = wrapper.cfbundle; includeInIndex = 0; path = FlixterUITests.xctest; sourceTree = BUILT_PRODUCTS_DIR; };
		623564BC26E813B50095E0F4 /* FlixterUITests.swift */ = {isa = PBXFileReference; lastKnownFileType = sourcecode.swift; path = FlixterUITests.swift; sourceTree = "<group>"; };
		623564BE26E813B50095E0F4 /* Info.plist */ = {isa = PBXFileReference; lastKnownFileType = text.plist.xml; path = Info.plist; sourceTree = "<group>"; };
		623564CA26E82CDE0095E0F4 /* MoviesViewController.swift */ = {isa = PBXFileReference; lastKnownFileType = sourcecode.swift; path = MoviesViewController.swift; sourceTree = "<group>"; };
		623564CC26E9ADDB0095E0F4 /* MovieCell.swift */ = {isa = PBXFileReference; lastKnownFileType = sourcecode.swift; path = MovieCell.swift; sourceTree = "<group>"; };
		630568CCA67A873D32BF12E9 /* Pods_Flixter.framework */ = {isa = PBXFileReference; explicitFileType = wrapper.framework; includeInIndex = 0; path = Pods_Flixter.framework; sourceTree = BUILT_PRODUCTS_DIR; };
		79B60A8001D5B09842A4EDA7 /* Pods_FlixterTests.framework */ = {isa = PBXFileReference; explicitFileType = wrapper.framework; includeInIndex = 0; path = Pods_FlixterTests.framework; sourceTree = BUILT_PRODUCTS_DIR; };
		820A8FDDC8431A18DB4A8C93 /* Pods-FlixterTests.debug.xcconfig */ = {isa = PBXFileReference; includeInIndex = 1; lastKnownFileType = text.xcconfig; name = "Pods-FlixterTests.debug.xcconfig"; path = "Target Support Files/Pods-FlixterTests/Pods-FlixterTests.debug.xcconfig"; sourceTree = "<group>"; };
		C4AB247945F7EA7558B9CE82 /* Pods-Flixter.debug.xcconfig */ = {isa = PBXFileReference; includeInIndex = 1; lastKnownFileType = text.xcconfig; name = "Pods-Flixter.debug.xcconfig"; path = "Target Support Files/Pods-Flixter/Pods-Flixter.debug.xcconfig"; sourceTree = "<group>"; };
		C66796AAE96F91CFDA1C6101 /* Pods_Flixter_FlixterUITests.framework */ = {isa = PBXFileReference; explicitFileType = wrapper.framework; includeInIndex = 0; path = Pods_Flixter_FlixterUITests.framework; sourceTree = BUILT_PRODUCTS_DIR; };
		E5091863A289B5DEB07E1435 /* Pods-Flixter.release.xcconfig */ = {isa = PBXFileReference; includeInIndex = 1; lastKnownFileType = text.xcconfig; name = "Pods-Flixter.release.xcconfig"; path = "Target Support Files/Pods-Flixter/Pods-Flixter.release.xcconfig"; sourceTree = "<group>"; };
		EC2D65D4B90962F65D63B8EB /* Pods-Flixter-FlixterUITests.debug.xcconfig */ = {isa = PBXFileReference; includeInIndex = 1; lastKnownFileType = text.xcconfig; name = "Pods-Flixter-FlixterUITests.debug.xcconfig"; path = "Target Support Files/Pods-Flixter-FlixterUITests/Pods-Flixter-FlixterUITests.debug.xcconfig"; sourceTree = "<group>"; };
		F60ADD1042B24A5DA0800AFF /* Pods-FlixterTests.release.xcconfig */ = {isa = PBXFileReference; includeInIndex = 1; lastKnownFileType = text.xcconfig; name = "Pods-FlixterTests.release.xcconfig"; path = "Target Support Files/Pods-FlixterTests/Pods-FlixterTests.release.xcconfig"; sourceTree = "<group>"; };
/* End PBXFileReference section */

/* Begin PBXFrameworksBuildPhase section */
		6235649426E813B20095E0F4 /* Frameworks */ = {
			isa = PBXFrameworksBuildPhase;
			buildActionMask = 2147483647;
			files = (
				623564D026E9C0800095E0F4 /* AlamofireImage in Frameworks */,
				4EDC301300091EBBD9295361 /* Pods_Flixter.framework in Frameworks */,
			);
			runOnlyForDeploymentPostprocessing = 0;
		};
		623564AA26E813B50095E0F4 /* Frameworks */ = {
			isa = PBXFrameworksBuildPhase;
			buildActionMask = 2147483647;
			files = (
				E452622583274D16AE435A48 /* Pods_FlixterTests.framework in Frameworks */,
			);
			runOnlyForDeploymentPostprocessing = 0;
		};
		623564B526E813B50095E0F4 /* Frameworks */ = {
			isa = PBXFrameworksBuildPhase;
			buildActionMask = 2147483647;
			files = (
				6E3E9008DD5A8DD8A972E692 /* Pods_Flixter_FlixterUITests.framework in Frameworks */,
			);
			runOnlyForDeploymentPostprocessing = 0;
		};
/* End PBXFrameworksBuildPhase section */

/* Begin PBXGroup section */
		3AAD7966FFD88557FE81E0A0 /* Frameworks */ = {
			isa = PBXGroup;
			children = (
				630568CCA67A873D32BF12E9 /* Pods_Flixter.framework */,
				C66796AAE96F91CFDA1C6101 /* Pods_Flixter_FlixterUITests.framework */,
				79B60A8001D5B09842A4EDA7 /* Pods_FlixterTests.framework */,
			);
			name = Frameworks;
			sourceTree = "<group>";
		};
		6235648E26E813B20095E0F4 = {
			isa = PBXGroup;
			children = (
				6235649926E813B20095E0F4 /* Flixter */,
				623564B026E813B50095E0F4 /* FlixterTests */,
				623564BB26E813B50095E0F4 /* FlixterUITests */,
				6235649826E813B20095E0F4 /* Products */,
				CADB2CEE771DE6B3CE489EC8 /* Pods */,
				3AAD7966FFD88557FE81E0A0 /* Frameworks */,
			);
			sourceTree = "<group>";
		};
		6235649826E813B20095E0F4 /* Products */ = {
			isa = PBXGroup;
			children = (
				6235649726E813B20095E0F4 /* Flixter.app */,
				623564AD26E813B50095E0F4 /* FlixterTests.xctest */,
				623564B826E813B50095E0F4 /* FlixterUITests.xctest */,
			);
			name = Products;
			sourceTree = "<group>";
		};
		6235649926E813B20095E0F4 /* Flixter */ = {
			isa = PBXGroup;
			children = (
				6235649A26E813B20095E0F4 /* AppDelegate.swift */,
				6235649C26E813B20095E0F4 /* SceneDelegate.swift */,
				623564A026E813B20095E0F4 /* Main.storyboard */,
				623564CC26E9ADDB0095E0F4 /* MovieCell.swift */,
				623564A326E813B50095E0F4 /* Assets.xcassets */,
				623564A526E813B50095E0F4 /* LaunchScreen.storyboard */,
				623564A826E813B50095E0F4 /* Info.plist */,
				623564CA26E82CDE0095E0F4 /* MoviesViewController.swift */,
			);
			path = Flixter;
			sourceTree = "<group>";
		};
		623564B026E813B50095E0F4 /* FlixterTests */ = {
			isa = PBXGroup;
			children = (
				623564B126E813B50095E0F4 /* FlixterTests.swift */,
				623564B326E813B50095E0F4 /* Info.plist */,
			);
			path = FlixterTests;
			sourceTree = "<group>";
		};
		623564BB26E813B50095E0F4 /* FlixterUITests */ = {
			isa = PBXGroup;
			children = (
				623564BC26E813B50095E0F4 /* FlixterUITests.swift */,
				623564BE26E813B50095E0F4 /* Info.plist */,
			);
			path = FlixterUITests;
			sourceTree = "<group>";
		};
		CADB2CEE771DE6B3CE489EC8 /* Pods */ = {
			isa = PBXGroup;
			children = (
				C4AB247945F7EA7558B9CE82 /* Pods-Flixter.debug.xcconfig */,
				E5091863A289B5DEB07E1435 /* Pods-Flixter.release.xcconfig */,
				EC2D65D4B90962F65D63B8EB /* Pods-Flixter-FlixterUITests.debug.xcconfig */,
				3BF26F2ED1A99E65387D6E50 /* Pods-Flixter-FlixterUITests.release.xcconfig */,
				820A8FDDC8431A18DB4A8C93 /* Pods-FlixterTests.debug.xcconfig */,
				F60ADD1042B24A5DA0800AFF /* Pods-FlixterTests.release.xcconfig */,
			);
			name = Pods;
			path = Pods;
			sourceTree = "<group>";
		};
/* End PBXGroup section */

/* Begin PBXNativeTarget section */
		6235649626E813B20095E0F4 /* Flixter */ = {
			isa = PBXNativeTarget;
			buildConfigurationList = 623564C126E813B50095E0F4 /* Build configuration list for PBXNativeTarget "Flixter" */;
			buildPhases = (
				EF0B83DC8101665439D19771 /* [CP] Check Pods Manifest.lock */,
				6235649326E813B20095E0F4 /* Sources */,
				6235649426E813B20095E0F4 /* Frameworks */,
				6235649526E813B20095E0F4 /* Resources */,
				FDC1B659C3C13DF07FFE1741 /* [CP] Embed Pods Frameworks */,
			);
			buildRules = (
			);
			dependencies = (
			);
			name = Flixter;
			packageProductDependencies = (
				623564CF26E9C0800095E0F4 /* AlamofireImage */,
			);
			productName = Flixter;
			productReference = 6235649726E813B20095E0F4 /* Flixter.app */;
			productType = "com.apple.product-type.application";
		};
		623564AC26E813B50095E0F4 /* FlixterTests */ = {
			isa = PBXNativeTarget;
			buildConfigurationList = 623564C426E813B50095E0F4 /* Build configuration list for PBXNativeTarget "FlixterTests" */;
			buildPhases = (
				8059AD09AC3FC233C79F1F60 /* [CP] Check Pods Manifest.lock */,
				623564A926E813B50095E0F4 /* Sources */,
				623564AA26E813B50095E0F4 /* Frameworks */,
				623564AB26E813B50095E0F4 /* Resources */,
			);
			buildRules = (
			);
			dependencies = (
				623564AF26E813B50095E0F4 /* PBXTargetDependency */,
			);
			name = FlixterTests;
			productName = FlixterTests;
			productReference = 623564AD26E813B50095E0F4 /* FlixterTests.xctest */;
			productType = "com.apple.product-type.bundle.unit-test";
		};
		623564B726E813B50095E0F4 /* FlixterUITests */ = {
			isa = PBXNativeTarget;
			buildConfigurationList = 623564C726E813B50095E0F4 /* Build configuration list for PBXNativeTarget "FlixterUITests" */;
			buildPhases = (
				285257AB34FDC67BAFEEBD88 /* [CP] Check Pods Manifest.lock */,
				623564B426E813B50095E0F4 /* Sources */,
				623564B526E813B50095E0F4 /* Frameworks */,
				623564B626E813B50095E0F4 /* Resources */,
				6DFBF2B20C68F9BEED16DE57 /* [CP] Embed Pods Frameworks */,
			);
			buildRules = (
			);
			dependencies = (
				623564BA26E813B50095E0F4 /* PBXTargetDependency */,
			);
			name = FlixterUITests;
			productName = FlixterUITests;
			productReference = 623564B826E813B50095E0F4 /* FlixterUITests.xctest */;
			productType = "com.apple.product-type.bundle.ui-testing";
		};
/* End PBXNativeTarget section */

/* Begin PBXProject section */
		6235648F26E813B20095E0F4 /* Project object */ = {
			isa = PBXProject;
			attributes = {
				LastSwiftUpdateCheck = 1250;
				LastUpgradeCheck = 1250;
				TargetAttributes = {
					6235649626E813B20095E0F4 = {
						CreatedOnToolsVersion = 12.5.1;
					};
					623564AC26E813B50095E0F4 = {
						CreatedOnToolsVersion = 12.5.1;
						TestTargetID = 6235649626E813B20095E0F4;
					};
					623564B726E813B50095E0F4 = {
						CreatedOnToolsVersion = 12.5.1;
						TestTargetID = 6235649626E813B20095E0F4;
					};
				};
			};
			buildConfigurationList = 6235649226E813B20095E0F4 /* Build configuration list for PBXProject "Flixter" */;
			compatibilityVersion = "Xcode 9.3";
			developmentRegion = en;
			hasScannedForEncodings = 0;
			knownRegions = (
				en,
				Base,
			);
			mainGroup = 6235648E26E813B20095E0F4;
			packageReferences = (
				623564CE26E9C0800095E0F4 /* XCRemoteSwiftPackageReference "AlamofireImage" */,
			);
			productRefGroup = 6235649826E813B20095E0F4 /* Products */;
			projectDirPath = "";
			projectRoot = "";
			targets = (
				6235649626E813B20095E0F4 /* Flixter */,
				623564AC26E813B50095E0F4 /* FlixterTests */,
				623564B726E813B50095E0F4 /* FlixterUITests */,
			);
		};
/* End PBXProject section */

/* Begin PBXResourcesBuildPhase section */
		6235649526E813B20095E0F4 /* Resources */ = {
			isa = PBXResourcesBuildPhase;
			buildActionMask = 2147483647;
			files = (
				623564A726E813B50095E0F4 /* LaunchScreen.storyboard in Resources */,
				623564A426E813B50095E0F4 /* Assets.xcassets in Resources */,
				623564A226E813B20095E0F4 /* Main.storyboard in Resources */,
			);
			runOnlyForDeploymentPostprocessing = 0;
		};
		623564AB26E813B50095E0F4 /* Resources */ = {
			isa = PBXResourcesBuildPhase;
			buildActionMask = 2147483647;
			files = (
			);
			runOnlyForDeploymentPostprocessing = 0;
		};
		623564B626E813B50095E0F4 /* Resources */ = {
			isa = PBXResourcesBuildPhase;
			buildActionMask = 2147483647;
			files = (
			);
			runOnlyForDeploymentPostprocessing = 0;
		};
/* End PBXResourcesBuildPhase section */

/* Begin PBXShellScriptBuildPhase section */
		285257AB34FDC67BAFEEBD88 /* [CP] Check Pods Manifest.lock */ = {
			isa = PBXShellScriptBuildPhase;
			buildActionMask = 2147483647;
			files = (
			);
			inputFileListPaths = (
			);
			inputPaths = (
				"${PODS_PODFILE_DIR_PATH}/Podfile.lock",
				"${PODS_ROOT}/Manifest.lock",
			);
			name = "[CP] Check Pods Manifest.lock";
			outputFileListPaths = (
			);
			outputPaths = (
				"$(DERIVED_FILE_DIR)/Pods-Flixter-FlixterUITests-checkManifestLockResult.txt",
			);
			runOnlyForDeploymentPostprocessing = 0;
			shellPath = /bin/sh;
			shellScript = "diff \"${PODS_PODFILE_DIR_PATH}/Podfile.lock\" \"${PODS_ROOT}/Manifest.lock\" > /dev/null\nif [ $? != 0 ] ; then\n    # print error to STDERR\n    echo \"error: The sandbox is not in sync with the Podfile.lock. Run 'pod install' or update your CocoaPods installation.\" >&2\n    exit 1\nfi\n# This output is used by Xcode 'outputs' to avoid re-running this script phase.\necho \"SUCCESS\" > \"${SCRIPT_OUTPUT_FILE_0}\"\n";
			showEnvVarsInLog = 0;
		};
		6DFBF2B20C68F9BEED16DE57 /* [CP] Embed Pods Frameworks */ = {
			isa = PBXShellScriptBuildPhase;
			buildActionMask = 2147483647;
			files = (
			);
			inputFileListPaths = (
				"${PODS_ROOT}/Target Support Files/Pods-Flixter-FlixterUITests/Pods-Flixter-FlixterUITests-frameworks-${CONFIGURATION}-input-files.xcfilelist",
			);
			name = "[CP] Embed Pods Frameworks";
			outputFileListPaths = (
				"${PODS_ROOT}/Target Support Files/Pods-Flixter-FlixterUITests/Pods-Flixter-FlixterUITests-frameworks-${CONFIGURATION}-output-files.xcfilelist",
			);
			runOnlyForDeploymentPostprocessing = 0;
			shellPath = /bin/sh;
			shellScript = "\"${PODS_ROOT}/Target Support Files/Pods-Flixter-FlixterUITests/Pods-Flixter-FlixterUITests-frameworks.sh\"\n";
			showEnvVarsInLog = 0;
		};
		8059AD09AC3FC233C79F1F60 /* [CP] Check Pods Manifest.lock */ = {
			isa = PBXShellScriptBuildPhase;
			buildActionMask = 2147483647;
			files = (
			);
			inputFileListPaths = (
			);
			inputPaths = (
				"${PODS_PODFILE_DIR_PATH}/Podfile.lock",
				"${PODS_ROOT}/Manifest.lock",
			);
			name = "[CP] Check Pods Manifest.lock";
			outputFileListPaths = (
			);
			outputPaths = (
				"$(DERIVED_FILE_DIR)/Pods-FlixterTests-checkManifestLockResult.txt",
			);
			runOnlyForDeploymentPostprocessing = 0;
			shellPath = /bin/sh;
			shellScript = "diff \"${PODS_PODFILE_DIR_PATH}/Podfile.lock\" \"${PODS_ROOT}/Manifest.lock\" > /dev/null\nif [ $? != 0 ] ; then\n    # print error to STDERR\n    echo \"error: The sandbox is not in sync with the Podfile.lock. Run 'pod install' or update your CocoaPods installation.\" >&2\n    exit 1\nfi\n# This output is used by Xcode 'outputs' to avoid re-running this script phase.\necho \"SUCCESS\" > \"${SCRIPT_OUTPUT_FILE_0}\"\n";
			showEnvVarsInLog = 0;
		};
		EF0B83DC8101665439D19771 /* [CP] Check Pods Manifest.lock */ = {
			isa = PBXShellScriptBuildPhase;
			buildActionMask = 2147483647;
			files = (
			);
			inputFileListPaths = (
			);
			inputPaths = (
				"${PODS_PODFILE_DIR_PATH}/Podfile.lock",
				"${PODS_ROOT}/Manifest.lock",
			);
			name = "[CP] Check Pods Manifest.lock";
			outputFileListPaths = (
			);
			outputPaths = (
				"$(DERIVED_FILE_DIR)/Pods-Flixter-checkManifestLockResult.txt",
			);
			runOnlyForDeploymentPostprocessing = 0;
			shellPath = /bin/sh;
			shellScript = "diff \"${PODS_PODFILE_DIR_PATH}/Podfile.lock\" \"${PODS_ROOT}/Manifest.lock\" > /dev/null\nif [ $? != 0 ] ; then\n    # print error to STDERR\n    echo \"error: The sandbox is not in sync with the Podfile.lock. Run 'pod install' or update your CocoaPods installation.\" >&2\n    exit 1\nfi\n# This output is used by Xcode 'outputs' to avoid re-running this script phase.\necho \"SUCCESS\" > \"${SCRIPT_OUTPUT_FILE_0}\"\n";
			showEnvVarsInLog = 0;
		};
		FDC1B659C3C13DF07FFE1741 /* [CP] Embed Pods Frameworks */ = {
			isa = PBXShellScriptBuildPhase;
			buildActionMask = 2147483647;
			files = (
			);
			inputFileListPaths = (
				"${PODS_ROOT}/Target Support Files/Pods-Flixter/Pods-Flixter-frameworks-${CONFIGURATION}-input-files.xcfilelist",
			);
			name = "[CP] Embed Pods Frameworks";
			outputFileListPaths = (
				"${PODS_ROOT}/Target Support Files/Pods-Flixter/Pods-Flixter-frameworks-${CONFIGURATION}-output-files.xcfilelist",
			);
			runOnlyForDeploymentPostprocessing = 0;
			shellPath = /bin/sh;
			shellScript = "\"${PODS_ROOT}/Target Support Files/Pods-Flixter/Pods-Flixter-frameworks.sh\"\n";
			showEnvVarsInLog = 0;
		};
/* End PBXShellScriptBuildPhase section */

/* Begin PBXSourcesBuildPhase section */
		6235649326E813B20095E0F4 /* Sources */ = {
			isa = PBXSourcesBuildPhase;
			buildActionMask = 2147483647;
			files = (
				6235649B26E813B20095E0F4 /* AppDelegate.swift in Sources */,
				6235649D26E813B20095E0F4 /* SceneDelegate.swift in Sources */,
				623564CD26E9ADDB0095E0F4 /* MovieCell.swift in Sources */,
				623564CB26E82CDE0095E0F4 /* MoviesViewController.swift in Sources */,
			);
			runOnlyForDeploymentPostprocessing = 0;
		};
		623564A926E813B50095E0F4 /* Sources */ = {
			isa = PBXSourcesBuildPhase;
			buildActionMask = 2147483647;
			files = (
				623564B226E813B50095E0F4 /* FlixterTests.swift in Sources */,
			);
			runOnlyForDeploymentPostprocessing = 0;
		};
		623564B426E813B50095E0F4 /* Sources */ = {
			isa = PBXSourcesBuildPhase;
			buildActionMask = 2147483647;
			files = (
				623564BD26E813B50095E0F4 /* FlixterUITests.swift in Sources */,
			);
			runOnlyForDeploymentPostprocessing = 0;
		};
/* End PBXSourcesBuildPhase section */

/* Begin PBXTargetDependency section */
		623564AF26E813B50095E0F4 /* PBXTargetDependency */ = {
			isa = PBXTargetDependency;
			target = 6235649626E813B20095E0F4 /* Flixter */;
			targetProxy = 623564AE26E813B50095E0F4 /* PBXContainerItemProxy */;
		};
		623564BA26E813B50095E0F4 /* PBXTargetDependency */ = {
			isa = PBXTargetDependency;
			target = 6235649626E813B20095E0F4 /* Flixter */;
			targetProxy = 623564B926E813B50095E0F4 /* PBXContainerItemProxy */;
		};
/* End PBXTargetDependency section */

/* Begin PBXVariantGroup section */
		623564A026E813B20095E0F4 /* Main.storyboard */ = {
			isa = PBXVariantGroup;
			children = (
				623564A126E813B20095E0F4 /* Base */,
			);
			name = Main.storyboard;
			sourceTree = "<group>";
		};
		623564A526E813B50095E0F4 /* LaunchScreen.storyboard */ = {
			isa = PBXVariantGroup;
			children = (
				623564A626E813B50095E0F4 /* Base */,
			);
			name = LaunchScreen.storyboard;
			sourceTree = "<group>";
		};
/* End PBXVariantGroup section */

/* Begin XCBuildConfiguration section */
		623564BF26E813B50095E0F4 /* Debug */ = {
			isa = XCBuildConfiguration;
			buildSettings = {
				ALWAYS_SEARCH_USER_PATHS = NO;
				CLANG_ANALYZER_NONNULL = YES;
				CLANG_ANALYZER_NUMBER_OBJECT_CONVERSION = YES_AGGRESSIVE;
				CLANG_CXX_LANGUAGE_STANDARD = "gnu++14";
				CLANG_CXX_LIBRARY = "libc++";
				CLANG_ENABLE_MODULES = YES;
				CLANG_ENABLE_OBJC_ARC = YES;
				CLANG_ENABLE_OBJC_WEAK = YES;
				CLANG_WARN_BLOCK_CAPTURE_AUTORELEASING = YES;
				CLANG_WARN_BOOL_CONVERSION = YES;
				CLANG_WARN_COMMA = YES;
				CLANG_WARN_CONSTANT_CONVERSION = YES;
				CLANG_WARN_DEPRECATED_OBJC_IMPLEMENTATIONS = YES;
				CLANG_WARN_DIRECT_OBJC_ISA_USAGE = YES_ERROR;
				CLANG_WARN_DOCUMENTATION_COMMENTS = YES;
				CLANG_WARN_EMPTY_BODY = YES;
				CLANG_WARN_ENUM_CONVERSION = YES;
				CLANG_WARN_INFINITE_RECURSION = YES;
				CLANG_WARN_INT_CONVERSION = YES;
				CLANG_WARN_NON_LITERAL_NULL_CONVERSION = YES;
				CLANG_WARN_OBJC_IMPLICIT_RETAIN_SELF = YES;
				CLANG_WARN_OBJC_LITERAL_CONVERSION = YES;
				CLANG_WARN_OBJC_ROOT_CLASS = YES_ERROR;
				CLANG_WARN_QUOTED_INCLUDE_IN_FRAMEWORK_HEADER = YES;
				CLANG_WARN_RANGE_LOOP_ANALYSIS = YES;
				CLANG_WARN_STRICT_PROTOTYPES = YES;
				CLANG_WARN_SUSPICIOUS_MOVE = YES;
				CLANG_WARN_UNGUARDED_AVAILABILITY = YES_AGGRESSIVE;
				CLANG_WARN_UNREACHABLE_CODE = YES;
				CLANG_WARN__DUPLICATE_METHOD_MATCH = YES;
				COPY_PHASE_STRIP = NO;
				DEBUG_INFORMATION_FORMAT = dwarf;
				ENABLE_STRICT_OBJC_MSGSEND = YES;
				ENABLE_TESTABILITY = YES;
				GCC_C_LANGUAGE_STANDARD = gnu11;
				GCC_DYNAMIC_NO_PIC = NO;
				GCC_NO_COMMON_BLOCKS = YES;
				GCC_OPTIMIZATION_LEVEL = 0;
				GCC_PREPROCESSOR_DEFINITIONS = (
					"DEBUG=1",
					"$(inherited)",
				);
				GCC_WARN_64_TO_32_BIT_CONVERSION = YES;
				GCC_WARN_ABOUT_RETURN_TYPE = YES_ERROR;
				GCC_WARN_UNDECLARED_SELECTOR = YES;
				GCC_WARN_UNINITIALIZED_AUTOS = YES_AGGRESSIVE;
				GCC_WARN_UNUSED_FUNCTION = YES;
				GCC_WARN_UNUSED_VARIABLE = YES;
				IPHONEOS_DEPLOYMENT_TARGET = 14.5;
				MTL_ENABLE_DEBUG_INFO = INCLUDE_SOURCE;
				MTL_FAST_MATH = YES;
				ONLY_ACTIVE_ARCH = YES;
				SDKROOT = iphoneos;
				SWIFT_ACTIVE_COMPILATION_CONDITIONS = DEBUG;
				SWIFT_OPTIMIZATION_LEVEL = "-Onone";
			};
			name = Debug;
		};
		623564C026E813B50095E0F4 /* Release */ = {
			isa = XCBuildConfiguration;
			buildSettings = {
				ALWAYS_SEARCH_USER_PATHS = NO;
				CLANG_ANALYZER_NONNULL = YES;
				CLANG_ANALYZER_NUMBER_OBJECT_CONVERSION = YES_AGGRESSIVE;
				CLANG_CXX_LANGUAGE_STANDARD = "gnu++14";
				CLANG_CXX_LIBRARY = "libc++";
				CLANG_ENABLE_MODULES = YES;
				CLANG_ENABLE_OBJC_ARC = YES;
				CLANG_ENABLE_OBJC_WEAK = YES;
				CLANG_WARN_BLOCK_CAPTURE_AUTORELEASING = YES;
				CLANG_WARN_BOOL_CONVERSION = YES;
				CLANG_WARN_COMMA = YES;
				CLANG_WARN_CONSTANT_CONVERSION = YES;
				CLANG_WARN_DEPRECATED_OBJC_IMPLEMENTATIONS = YES;
				CLANG_WARN_DIRECT_OBJC_ISA_USAGE = YES_ERROR;
				CLANG_WARN_DOCUMENTATION_COMMENTS = YES;
				CLANG_WARN_EMPTY_BODY = YES;
				CLANG_WARN_ENUM_CONVERSION = YES;
				CLANG_WARN_INFINITE_RECURSION = YES;
				CLANG_WARN_INT_CONVERSION = YES;
				CLANG_WARN_NON_LITERAL_NULL_CONVERSION = YES;
				CLANG_WARN_OBJC_IMPLICIT_RETAIN_SELF = YES;
				CLANG_WARN_OBJC_LITERAL_CONVERSION = YES;
				CLANG_WARN_OBJC_ROOT_CLASS = YES_ERROR;
				CLANG_WARN_QUOTED_INCLUDE_IN_FRAMEWORK_HEADER = YES;
				CLANG_WARN_RANGE_LOOP_ANALYSIS = YES;
				CLANG_WARN_STRICT_PROTOTYPES = YES;
				CLANG_WARN_SUSPICIOUS_MOVE = YES;
				CLANG_WARN_UNGUARDED_AVAILABILITY = YES_AGGRESSIVE;
				CLANG_WARN_UNREACHABLE_CODE = YES;
				CLANG_WARN__DUPLICATE_METHOD_MATCH = YES;
				COPY_PHASE_STRIP = NO;
				DEBUG_INFORMATION_FORMAT = "dwarf-with-dsym";
				ENABLE_NS_ASSERTIONS = NO;
				ENABLE_STRICT_OBJC_MSGSEND = YES;
				GCC_C_LANGUAGE_STANDARD = gnu11;
				GCC_NO_COMMON_BLOCKS = YES;
				GCC_WARN_64_TO_32_BIT_CONVERSION = YES;
				GCC_WARN_ABOUT_RETURN_TYPE = YES_ERROR;
				GCC_WARN_UNDECLARED_SELECTOR = YES;
				GCC_WARN_UNINITIALIZED_AUTOS = YES_AGGRESSIVE;
				GCC_WARN_UNUSED_FUNCTION = YES;
				GCC_WARN_UNUSED_VARIABLE = YES;
				IPHONEOS_DEPLOYMENT_TARGET = 14.5;
				MTL_ENABLE_DEBUG_INFO = NO;
				MTL_FAST_MATH = YES;
				SDKROOT = iphoneos;
				SWIFT_COMPILATION_MODE = wholemodule;
				SWIFT_OPTIMIZATION_LEVEL = "-O";
				VALIDATE_PRODUCT = YES;
			};
			name = Release;
		};
		623564C226E813B50095E0F4 /* Debug */ = {
			isa = XCBuildConfiguration;
			baseConfigurationReference = C4AB247945F7EA7558B9CE82 /* Pods-Flixter.debug.xcconfig */;
			buildSettings = {
				ASSETCATALOG_COMPILER_APPICON_NAME = AppIcon;
				ASSETCATALOG_COMPILER_GLOBAL_ACCENT_COLOR_NAME = AccentColor;
				CODE_SIGN_STYLE = Automatic;
				INFOPLIST_FILE = Flixter/Info.plist;
				LD_RUNPATH_SEARCH_PATHS = (
					"$(inherited)",
					"@executable_path/Frameworks",
				);
				PRODUCT_BUNDLE_IDENTIFIER = kervensdelpe.Flixter;
				PRODUCT_NAME = "$(TARGET_NAME)";
				SWIFT_VERSION = 5.0;
				TARGETED_DEVICE_FAMILY = "1,2";
			};
			name = Debug;
		};
		623564C326E813B50095E0F4 /* Release */ = {
			isa = XCBuildConfiguration;
			baseConfigurationReference = E5091863A289B5DEB07E1435 /* Pods-Flixter.release.xcconfig */;
			buildSettings = {
				ASSETCATALOG_COMPILER_APPICON_NAME = AppIcon;
				ASSETCATALOG_COMPILER_GLOBAL_ACCENT_COLOR_NAME = AccentColor;
				CODE_SIGN_STYLE = Automatic;
				INFOPLIST_FILE = Flixter/Info.plist;
				LD_RUNPATH_SEARCH_PATHS = (
					"$(inherited)",
					"@executable_path/Frameworks",
				);
				PRODUCT_BUNDLE_IDENTIFIER = kervensdelpe.Flixter;
				PRODUCT_NAME = "$(TARGET_NAME)";
				SWIFT_VERSION = 5.0;
				TARGETED_DEVICE_FAMILY = "1,2";
			};
			name = Release;
		};
		623564C526E813B50095E0F4 /* Debug */ = {
			isa = XCBuildConfiguration;
			baseConfigurationReference = 820A8FDDC8431A18DB4A8C93 /* Pods-FlixterTests.debug.xcconfig */;
			buildSettings = {
				ALWAYS_EMBED_SWIFT_STANDARD_LIBRARIES = YES;
				BUNDLE_LOADER = "$(TEST_HOST)";
				CODE_SIGN_STYLE = Automatic;
				INFOPLIST_FILE = FlixterTests/Info.plist;
				IPHONEOS_DEPLOYMENT_TARGET = 14.5;
				LD_RUNPATH_SEARCH_PATHS = (
					"$(inherited)",
					"@executable_path/Frameworks",
					"@loader_path/Frameworks",
				);
				PRODUCT_BUNDLE_IDENTIFIER = kervensdelpe.FlixterTests;
				PRODUCT_NAME = "$(TARGET_NAME)";
				SWIFT_VERSION = 5.0;
				TARGETED_DEVICE_FAMILY = "1,2";
				TEST_HOST = "$(BUILT_PRODUCTS_DIR)/Flixter.app/Flixter";
			};
			name = Debug;
		};
		623564C626E813B50095E0F4 /* Release */ = {
			isa = XCBuildConfiguration;
			baseConfigurationReference = F60ADD1042B24A5DA0800AFF /* Pods-FlixterTests.release.xcconfig */;
			buildSettings = {
				ALWAYS_EMBED_SWIFT_STANDARD_LIBRARIES = YES;
				BUNDLE_LOADER = "$(TEST_HOST)";
				CODE_SIGN_STYLE = Automatic;
				INFOPLIST_FILE = FlixterTests/Info.plist;
				IPHONEOS_DEPLOYMENT_TARGET = 14.5;
				LD_RUNPATH_SEARCH_PATHS = (
					"$(inherited)",
					"@executable_path/Frameworks",
					"@loader_path/Frameworks",
				);
				PRODUCT_BUNDLE_IDENTIFIER = kervensdelpe.FlixterTests;
				PRODUCT_NAME = "$(TARGET_NAME)";
				SWIFT_VERSION = 5.0;
				TARGETED_DEVICE_FAMILY = "1,2";
				TEST_HOST = "$(BUILT_PRODUCTS_DIR)/Flixter.app/Flixter";
			};
			name = Release;
		};
		623564C826E813B50095E0F4 /* Debug */ = {
			isa = XCBuildConfiguration;
			baseConfigurationReference = EC2D65D4B90962F65D63B8EB /* Pods-Flixter-FlixterUITests.debug.xcconfig */;
			buildSettings = {
				ALWAYS_EMBED_SWIFT_STANDARD_LIBRARIES = YES;
				CODE_SIGN_STYLE = Automatic;
				INFOPLIST_FILE = FlixterUITests/Info.plist;
				LD_RUNPATH_SEARCH_PATHS = (
					"$(inherited)",
					"@executable_path/Frameworks",
					"@loader_path/Frameworks",
				);
				PRODUCT_BUNDLE_IDENTIFIER = kervensdelpe.FlixterUITests;
				PRODUCT_NAME = "$(TARGET_NAME)";
				SWIFT_VERSION = 5.0;
				TARGETED_DEVICE_FAMILY = "1,2";
				TEST_TARGET_NAME = Flixter;
			};
			name = Debug;
		};
		623564C926E813B50095E0F4 /* Release */ = {
			isa = XCBuildConfiguration;
			baseConfigurationReference = 3BF26F2ED1A99E65387D6E50 /* Pods-Flixter-FlixterUITests.release.xcconfig */;
			buildSettings = {
				ALWAYS_EMBED_SWIFT_STANDARD_LIBRARIES = YES;
				CODE_SIGN_STYLE = Automatic;
				INFOPLIST_FILE = FlixterUITests/Info.plist;
				LD_RUNPATH_SEARCH_PATHS = (
					"$(inherited)",
					"@executable_path/Frameworks",
					"@loader_path/Frameworks",
				);
				PRODUCT_BUNDLE_IDENTIFIER = kervensdelpe.FlixterUITests;
				PRODUCT_NAME = "$(TARGET_NAME)";
				SWIFT_VERSION = 5.0;
				TARGETED_DEVICE_FAMILY = "1,2";
				TEST_TARGET_NAME = Flixter;
			};
			name = Release;
		};
/* End XCBuildConfiguration section */

/* Begin XCConfigurationList section */
		6235649226E813B20095E0F4 /* Build configuration list for PBXProject "Flixter" */ = {
			isa = XCConfigurationList;
			buildConfigurations = (
				623564BF26E813B50095E0F4 /* Debug */,
				623564C026E813B50095E0F4 /* Release */,
			);
			defaultConfigurationIsVisible = 0;
			defaultConfigurationName = Release;
		};
		623564C126E813B50095E0F4 /* Build configuration list for PBXNativeTarget "Flixter" */ = {
			isa = XCConfigurationList;
			buildConfigurations = (
				623564C226E813B50095E0F4 /* Debug */,
				623564C326E813B50095E0F4 /* Release */,
			);
			defaultConfigurationIsVisible = 0;
			defaultConfigurationName = Release;
		};
		623564C426E813B50095E0F4 /* Build configuration list for PBXNativeTarget "FlixterTests" */ = {
			isa = XCConfigurationList;
			buildConfigurations = (
				623564C526E813B50095E0F4 /* Debug */,
				623564C626E813B50095E0F4 /* Release */,
			);
			defaultConfigurationIsVisible = 0;
			defaultConfigurationName = Release;
		};
		623564C726E813B50095E0F4 /* Build configuration list for PBXNativeTarget "FlixterUITests" */ = {
			isa = XCConfigurationList;
			buildConfigurations = (
				623564C826E813B50095E0F4 /* Debug */,
				623564C926E813B50095E0F4 /* Release */,
			);
			defaultConfigurationIsVisible = 0;
			defaultConfigurationName = Release;
		};
/* End XCConfigurationList section */

/* Begin XCRemoteSwiftPackageReference section */
		623564CE26E9C0800095E0F4 /* XCRemoteSwiftPackageReference "AlamofireImage" */ = {
			isa = XCRemoteSwiftPackageReference;
			repositoryURL = "https://github.com/Alamofire/AlamofireImage";
			requirement = {
				kind = upToNextMajorVersion;
				minimumVersion = 4.2.0;
			};
		};
/* End XCRemoteSwiftPackageReference section */

/* Begin XCSwiftPackageProductDependency section */
		623564CF26E9C0800095E0F4 /* AlamofireImage */ = {
			isa = XCSwiftPackageProductDependency;
			package = 623564CE26E9C0800095E0F4 /* XCRemoteSwiftPackageReference "AlamofireImage" */;
			productName = AlamofireImage;
		};
/* End XCSwiftPackageProductDependency section */
	};
	rootObject = 6235648F26E813B20095E0F4 /* Project object */;
}
